
Microsoft Visual Studio Solution File, Format Version 12.00
# Visual Studio Version 16
VisualStudioVersion = 16.0.30907.101
MinimumVisualStudioVersion = 10.0.40219.1
Project("{FAE04EC0-301F-11D3-BF4B-00C04F79EFBC}") = "FilmArsivi", "FilmArsivi\FilmArsivi.csproj", "{21092883-FF3F-4851-89AE-D69D4292D5CF}"
EndProject
Global
	GlobalSection(SolutionConfigurationPlatforms) = preSolution
		Debug|Any CPU = Debug|Any CPU
		Release|Any CPU = Release|Any CPU
	EndGlobalSection
	GlobalSection(ProjectConfigurationPlatforms) = postSolution
		{21092883-FF3F-4851-89AE-D69D4292D5CF}.Debug|Any CPU.ActiveCfg = Debug|Any CPU
		{21092883-FF3F-4851-89AE-D69D4292D5CF}.Debug|Any CPU.Build.0 = Debug|Any CPU
		{21092883-FF3F-4851-89AE-D69D4292D5CF}.Release|Any CPU.ActiveCfg = Release|Any CPU
		{21092883-FF3F-4851-89AE-D69D4292D5CF}.Release|Any CPU.Build.0 = Release|Any CPU
	EndGlobalSection
	GlobalSection(SolutionProperties) = preSolution
		HideSolutionNode = FALSE
	EndGlobalSection
	GlobalSection(ExtensibilityGlobals) = postSolution
		SolutionGuid = {CCF4FD34-FFD9-46D5-BA77-3B28EFE52664}
	EndGlobalSection
EndGlobal
